
Microsoft Visual Studio Solution File, Format Version 12.00
# Visual Studio Version 17
VisualStudioVersion = 17.14.36202.13 d17.14
MinimumVisualStudioVersion = 10.0.40219.1
Project("{FAE04EC0-301F-11D3-BF4B-00C04F79EFBC}") = "ClusterSimulator", "ClusterSimulator.csproj", "{462458A6-F87D-4395-AB22-69A82EDED0FB}"
EndProject
Global
	GlobalSection(SolutionConfigurationPlatforms) = preSolution
		Debug|Any CPU = Debug|Any CPU
		Release|Any CPU = Release|Any CPU
	EndGlobalSection
	GlobalSection(ProjectConfigurationPlatforms) = postSolution
		{462458A6-F87D-4395-AB22-69A82EDED0FB}.Debug|Any CPU.ActiveCfg = Debug|Any CPU
		{462458A6-F87D-4395-AB22-69A82EDED0FB}.Debug|Any CPU.Build.0 = Debug|Any CPU
		{462458A6-F87D-4395-AB22-69A82EDED0FB}.Release|Any CPU.ActiveCfg = Release|Any CPU
		{462458A6-F87D-4395-AB22-69A82EDED0FB}.Release|Any CPU.Build.0 = Release|Any CPU
	EndGlobalSection
	GlobalSection(SolutionProperties) = preSolution
		HideSolutionNode = FALSE
	EndGlobalSection
	GlobalSection(ExtensibilityGlobals) = postSolution
		SolutionGuid = {ECB95285-DA77-41A2-83C6-01AFE73CA9C6}
	EndGlobalSection
EndGlobal
